
Microsoft Visual Studio Solution File, Format Version 12.00
# Visual Studio Version 16
VisualStudioVersion = 16.0.30104.148
MinimumVisualStudioVersion = 10.0.40219.1
Project("{9A19103F-16F7-4668-BE54-9A1E7A4F7556}") = "RentalMovies.Domain", "src\RentalMovies.Domain\RentalMovies.Domain.csproj", "{D12F186E-AD44-4E56-9E7A-2506308F47ED}"
EndProject
Project("{9A19103F-16F7-4668-BE54-9A1E7A4F7556}") = "RentalMovies.Application", "src\RentalMovies.Application\RentalMovies.Application.csproj", "{B8E1007C-3EDA-478B-B63F-26A81D678BA8}"
EndProject
Project("{9A19103F-16F7-4668-BE54-9A1E7A4F7556}") = "RentalMovies.Infrastructure", "src\RentalMovies.Infrastructure\RentalMovies.Infrastructure.csproj", "{1496ADA8-12E7-4849-9252-34CC2F82B96C}"
EndProject
Project("{9A19103F-16F7-4668-BE54-9A1E7A4F7556}") = "RentalMovies.Presentation", "src\RentalMovies.Presentation\RentalMovies.Presentation.csproj", "{03BE4D41-1157-4B32-8012-E19886D3E559}"
EndProject
Project("{FAE04EC0-301F-11D3-BF4B-00C04F79EFBC}") = "RentalMovies.UnitTests", "tests\RentalMovies.UnitTests\RentalMovies.UnitTests.csproj", "{26699759-5653-4C14-BEC7-EBB8AAD4791E}"
EndProject
Global
	GlobalSection(SolutionConfigurationPlatforms) = preSolution
		Debug|Any CPU = Debug|Any CPU
		Release|Any CPU = Release|Any CPU
	EndGlobalSection
	GlobalSection(ProjectConfigurationPlatforms) = postSolution
		{D12F186E-AD44-4E56-9E7A-2506308F47ED}.Debug|Any CPU.ActiveCfg = Debug|Any CPU
		{D12F186E-AD44-4E56-9E7A-2506308F47ED}.Debug|Any CPU.Build.0 = Debug|Any CPU
		{D12F186E-AD44-4E56-9E7A-2506308F47ED}.Release|Any CPU.ActiveCfg = Release|Any CPU
		{D12F186E-AD44-4E56-9E7A-2506308F47ED}.Release|Any CPU.Build.0 = Release|Any CPU
		{B8E1007C-3EDA-478B-B63F-26A81D678BA8}.Debug|Any CPU.ActiveCfg = Debug|Any CPU
		{B8E1007C-3EDA-478B-B63F-26A81D678BA8}.Debug|Any CPU.Build.0 = Debug|Any CPU
		{B8E1007C-3EDA-478B-B63F-26A81D678BA8}.Release|Any CPU.ActiveCfg = Release|Any CPU
		{B8E1007C-3EDA-478B-B63F-26A81D678BA8}.Release|Any CPU.Build.0 = Release|Any CPU
		{1496ADA8-12E7-4849-9252-34CC2F82B96C}.Debug|Any CPU.ActiveCfg = Debug|Any CPU
		{1496ADA8-12E7-4849-9252-34CC2F82B96C}.Debug|Any CPU.Build.0 = Debug|Any CPU
		{1496ADA8-12E7-4849-9252-34CC2F82B96C}.Release|Any CPU.ActiveCfg = Release|Any CPU
		{1496ADA8-12E7-4849-9252-34CC2F82B96C}.Release|Any CPU.Build.0 = Release|Any CPU
		{03BE4D41-1157-4B32-8012-E19886D3E559}.Debug|Any CPU.ActiveCfg = Debug|Any CPU
		{03BE4D41-1157-4B32-8012-E19886D3E559}.Debug|Any CPU.Build.0 = Debug|Any CPU
		{03BE4D41-1157-4B32-8012-E19886D3E559}.Release|Any CPU.ActiveCfg = Release|Any CPU
		{03BE4D41-1157-4B32-8012-E19886D3E559}.Release|Any CPU.Build.0 = Release|Any CPU
		{26699759-5653-4C14-BEC7-EBB8AAD4791E}.Debug|Any CPU.ActiveCfg = Debug|Any CPU
		{26699759-5653-4C14-BEC7-EBB8AAD4791E}.Debug|Any CPU.Build.0 = Debug|Any CPU
		{26699759-5653-4C14-BEC7-EBB8AAD4791E}.Release|Any CPU.ActiveCfg = Release|Any CPU
		{26699759-5653-4C14-BEC7-EBB8AAD4791E}.Release|Any CPU.Build.0 = Release|Any CPU
	EndGlobalSection
	GlobalSection(SolutionProperties) = preSolution
		HideSolutionNode = FALSE
	EndGlobalSection
	GlobalSection(ExtensibilityGlobals) = postSolution
		SolutionGuid = {43C6A6A3-4A77-44BF-9A11-E67AA83AA38B}
	EndGlobalSection
EndGlobal
