
Microsoft Visual Studio Solution File, Format Version 12.00
# Visual Studio Version 16
VisualStudioVersion = 16.0.29905.134
MinimumVisualStudioVersion = 10.0.40219.1
Project("{9A19103F-16F7-4668-BE54-9A1E7A4F7556}") = "RentalMovies.Domain", "src\RentalMovies.Domain\RentalMovies.Domain.csproj", "{1EA83480-4DF7-49B1-ACD6-0377435D7A75}"
EndProject
Project("{FAE04EC0-301F-11D3-BF4B-00C04F79EFBC}") = "RentalMovies.Data", "src\RentalMovies.Data\RentalMovies.Data.csproj", "{0FAFFC75-F6F4-4585-8DF4-53163400BD74}"
EndProject
Global
	GlobalSection(SolutionConfigurationPlatforms) = preSolution
		Debug|Any CPU = Debug|Any CPU
		Release|Any CPU = Release|Any CPU
	EndGlobalSection
	GlobalSection(ProjectConfigurationPlatforms) = postSolution
		{1EA83480-4DF7-49B1-ACD6-0377435D7A75}.Debug|Any CPU.ActiveCfg = Debug|Any CPU
		{1EA83480-4DF7-49B1-ACD6-0377435D7A75}.Debug|Any CPU.Build.0 = Debug|Any CPU
		{1EA83480-4DF7-49B1-ACD6-0377435D7A75}.Release|Any CPU.ActiveCfg = Release|Any CPU
		{1EA83480-4DF7-49B1-ACD6-0377435D7A75}.Release|Any CPU.Build.0 = Release|Any CPU
		{0FAFFC75-F6F4-4585-8DF4-53163400BD74}.Debug|Any CPU.ActiveCfg = Debug|Any CPU
		{0FAFFC75-F6F4-4585-8DF4-53163400BD74}.Debug|Any CPU.Build.0 = Debug|Any CPU
		{0FAFFC75-F6F4-4585-8DF4-53163400BD74}.Release|Any CPU.ActiveCfg = Release|Any CPU
		{0FAFFC75-F6F4-4585-8DF4-53163400BD74}.Release|Any CPU.Build.0 = Release|Any CPU
	EndGlobalSection
	GlobalSection(SolutionProperties) = preSolution
		HideSolutionNode = FALSE
	EndGlobalSection
	GlobalSection(ExtensibilityGlobals) = postSolution
		SolutionGuid = {073E9C23-2A67-46DC-98D1-9E6F4789240D}
	EndGlobalSection
EndGlobal
